
Microsoft Visual Studio Solution File, Format Version 12.00
# Visual Studio Version 17
VisualStudioVersion = 17.5.33627.172
MinimumVisualStudioVersion = 10.0.40219.1
Project("{FAE04EC0-301F-11D3-BF4B-00C04F79EFBC}") = "Kloan", "Kloan\Kloan.csproj", "{0F2AB6BC-9936-4DDE-BA14-2408470A4702}"
EndProject
Global
	GlobalSection(SolutionConfigurationPlatforms) = preSolution
		Debug|Any CPU = Debug|Any CPU
		Release|Any CPU = Release|Any CPU
	EndGlobalSection
	GlobalSection(ProjectConfigurationPlatforms) = postSolution
		{0F2AB6BC-9936-4DDE-BA14-2408470A4702}.Debug|Any CPU.ActiveCfg = Debug|Any CPU
		{0F2AB6BC-9936-4DDE-BA14-2408470A4702}.Debug|Any CPU.Build.0 = Debug|Any CPU
		{0F2AB6BC-9936-4DDE-BA14-2408470A4702}.Release|Any CPU.ActiveCfg = Release|Any CPU
		{0F2AB6BC-9936-4DDE-BA14-2408470A4702}.Release|Any CPU.Build.0 = Release|Any CPU
	EndGlobalSection
	GlobalSection(SolutionProperties) = preSolution
		HideSolutionNode = FALSE
	EndGlobalSection
	GlobalSection(ExtensibilityGlobals) = postSolution
		SolutionGuid = {EFCBEB54-1D43-42CB-BA6B-991AD2F9A53E}
	EndGlobalSection
EndGlobal
